
Microsoft Visual Studio Solution File, Format Version 12.00
# Visual Studio 15
VisualStudioVersion = 15.0.28307.438
MinimumVisualStudioVersion = 10.0.40219.1
Project("{F2A71F9B-5D33-465A-A702-920D77279786}") = "FSharpR173TableTest", "FSharpR173TableTest\FSharpR173TableTest.fsproj", "{58591BE7-BF23-4632-9AB6-82D14AAB580A}"
EndProject
Global
	GlobalSection(SolutionConfigurationPlatforms) = preSolution
		Debug|Any CPU = Debug|Any CPU
		Release|Any CPU = Release|Any CPU
	EndGlobalSection
	GlobalSection(ProjectConfigurationPlatforms) = postSolution
		{58591BE7-BF23-4632-9AB6-82D14AAB580A}.Debug|Any CPU.ActiveCfg = Debug|Any CPU
		{58591BE7-BF23-4632-9AB6-82D14AAB580A}.Debug|Any CPU.Build.0 = Debug|Any CPU
		{58591BE7-BF23-4632-9AB6-82D14AAB580A}.Release|Any CPU.ActiveCfg = Release|Any CPU
		{58591BE7-BF23-4632-9AB6-82D14AAB580A}.Release|Any CPU.Build.0 = Release|Any CPU
	EndGlobalSection
	GlobalSection(SolutionProperties) = preSolution
		HideSolutionNode = FALSE
	EndGlobalSection
	GlobalSection(ExtensibilityGlobals) = postSolution
		SolutionGuid = {C63B58D4-39A4-4A64-AABE-469F9B643872}
	EndGlobalSection
EndGlobal
