
Microsoft Visual Studio Solution File, Format Version 12.00
# Visual Studio 15
VisualStudioVersion = 15.0.28010.0
MinimumVisualStudioVersion = 10.0.40219.1
Project("{FAE04EC0-301F-11D3-BF4B-00C04F79EFBC}") = "R-173", "R-173\R-173.csproj", "{E15041B3-9989-4A4C-AF8C-0D52C661B8B9}"
EndProject
Project("{2150E333-8FDC-42A3-9474-1A3956D46DE8}") = "InternalLab", "InternalLab", "{659E5A67-6A20-44B9-B1A3-E61312961137}"
EndProject
Project("{FAE04EC0-301F-11D3-BF4B-00C04F79EFBC}") = "P2PMulticastNetwork", "..\P2PMulticastNetwork\P2PMulticastNetwork.csproj", "{DC232498-6FB2-4562-B888-E32FEC97BBF5}"
EndProject
Project("{2150E333-8FDC-42A3-9474-1A3956D46DE8}") = "Installer", "Installer", "{15394086-B0CC-4795-9A9D-DFDB659DD60E}"
EndProject
Project("{930C7802-8A8C-48F9-8165-68863BCCD9DD}") = "Installer", "..\Installer\Installer.wixproj", "{300E9AE5-1494-4B71-9FC0-5CEB4DC0DACE}"
	ProjectSection(ProjectDependencies) = postProject
		{E15041B3-9989-4A4C-AF8C-0D52C661B8B9} = {E15041B3-9989-4A4C-AF8C-0D52C661B8B9}
	EndProjectSection
EndProject
Project("{930C7802-8A8C-48F9-8165-68863BCCD9DD}") = "Bootstrapper", "..\Bootstrapper\Bootstrapper.wixproj", "{6F262958-BAAC-4364-ABCA-4E435CA65E9D}"
	ProjectSection(ProjectDependencies) = postProject
		{300E9AE5-1494-4B71-9FC0-5CEB4DC0DACE} = {300E9AE5-1494-4B71-9FC0-5CEB4DC0DACE}
	EndProjectSection
EndProject
Project("{F2A71F9B-5D33-465A-A702-920D77279786}") = "TableTest", "TableTest\TableTest.fsproj", "{EADE5BA8-CC9B-4391-8F7C-D54B84D85ABD}"
EndProject
Global
	GlobalSection(SolutionConfigurationPlatforms) = preSolution
		Debug|Any CPU = Debug|Any CPU
		Debug|x86 = Debug|x86
		Release|Any CPU = Release|Any CPU
		Release|x86 = Release|x86
	EndGlobalSection
	GlobalSection(ProjectConfigurationPlatforms) = postSolution
		{E15041B3-9989-4A4C-AF8C-0D52C661B8B9}.Debug|Any CPU.ActiveCfg = Debug|Any CPU
		{E15041B3-9989-4A4C-AF8C-0D52C661B8B9}.Debug|Any CPU.Build.0 = Debug|Any CPU
		{E15041B3-9989-4A4C-AF8C-0D52C661B8B9}.Debug|x86.ActiveCfg = Debug|x86
		{E15041B3-9989-4A4C-AF8C-0D52C661B8B9}.Debug|x86.Build.0 = Debug|x86
		{E15041B3-9989-4A4C-AF8C-0D52C661B8B9}.Release|Any CPU.ActiveCfg = Release|Any CPU
		{E15041B3-9989-4A4C-AF8C-0D52C661B8B9}.Release|Any CPU.Build.0 = Release|Any CPU
		{E15041B3-9989-4A4C-AF8C-0D52C661B8B9}.Release|x86.ActiveCfg = Release|x86
		{E15041B3-9989-4A4C-AF8C-0D52C661B8B9}.Release|x86.Build.0 = Release|x86
		{DC232498-6FB2-4562-B888-E32FEC97BBF5}.Debug|Any CPU.ActiveCfg = Debug|Any CPU
		{DC232498-6FB2-4562-B888-E32FEC97BBF5}.Debug|Any CPU.Build.0 = Debug|Any CPU
		{DC232498-6FB2-4562-B888-E32FEC97BBF5}.Debug|x86.ActiveCfg = Debug|x86
		{DC232498-6FB2-4562-B888-E32FEC97BBF5}.Debug|x86.Build.0 = Debug|x86
		{DC232498-6FB2-4562-B888-E32FEC97BBF5}.Release|Any CPU.ActiveCfg = Release|Any CPU
		{DC232498-6FB2-4562-B888-E32FEC97BBF5}.Release|Any CPU.Build.0 = Release|Any CPU
		{DC232498-6FB2-4562-B888-E32FEC97BBF5}.Release|x86.ActiveCfg = Release|x86
		{DC232498-6FB2-4562-B888-E32FEC97BBF5}.Release|x86.Build.0 = Release|x86
		{300E9AE5-1494-4B71-9FC0-5CEB4DC0DACE}.Debug|Any CPU.ActiveCfg = Debug|x86
		{300E9AE5-1494-4B71-9FC0-5CEB4DC0DACE}.Debug|x86.ActiveCfg = Debug|x86
		{300E9AE5-1494-4B71-9FC0-5CEB4DC0DACE}.Debug|x86.Build.0 = Debug|x86
		{300E9AE5-1494-4B71-9FC0-5CEB4DC0DACE}.Release|Any CPU.ActiveCfg = Release|x86
		{300E9AE5-1494-4B71-9FC0-5CEB4DC0DACE}.Release|x86.ActiveCfg = Release|x86
		{300E9AE5-1494-4B71-9FC0-5CEB4DC0DACE}.Release|x86.Build.0 = Release|x86
		{6F262958-BAAC-4364-ABCA-4E435CA65E9D}.Debug|Any CPU.ActiveCfg = Debug|x86
		{6F262958-BAAC-4364-ABCA-4E435CA65E9D}.Debug|x86.ActiveCfg = Debug|x86
		{6F262958-BAAC-4364-ABCA-4E435CA65E9D}.Debug|x86.Build.0 = Debug|x86
		{6F262958-BAAC-4364-ABCA-4E435CA65E9D}.Release|Any CPU.ActiveCfg = Release|x86
		{6F262958-BAAC-4364-ABCA-4E435CA65E9D}.Release|x86.ActiveCfg = Release|x86
		{6F262958-BAAC-4364-ABCA-4E435CA65E9D}.Release|x86.Build.0 = Release|x86
		{EADE5BA8-CC9B-4391-8F7C-D54B84D85ABD}.Debug|Any CPU.ActiveCfg = Debug|Any CPU
		{EADE5BA8-CC9B-4391-8F7C-D54B84D85ABD}.Debug|Any CPU.Build.0 = Debug|Any CPU
		{EADE5BA8-CC9B-4391-8F7C-D54B84D85ABD}.Debug|x86.ActiveCfg = Debug|Any CPU
		{EADE5BA8-CC9B-4391-8F7C-D54B84D85ABD}.Debug|x86.Build.0 = Debug|Any CPU
		{EADE5BA8-CC9B-4391-8F7C-D54B84D85ABD}.Release|Any CPU.ActiveCfg = Release|Any CPU
		{EADE5BA8-CC9B-4391-8F7C-D54B84D85ABD}.Release|Any CPU.Build.0 = Release|Any CPU
		{EADE5BA8-CC9B-4391-8F7C-D54B84D85ABD}.Release|x86.ActiveCfg = Release|Any CPU
		{EADE5BA8-CC9B-4391-8F7C-D54B84D85ABD}.Release|x86.Build.0 = Release|Any CPU
	EndGlobalSection
	GlobalSection(SolutionProperties) = preSolution
		HideSolutionNode = FALSE
	EndGlobalSection
	GlobalSection(NestedProjects) = preSolution
		{DC232498-6FB2-4562-B888-E32FEC97BBF5} = {659E5A67-6A20-44B9-B1A3-E61312961137}
		{300E9AE5-1494-4B71-9FC0-5CEB4DC0DACE} = {15394086-B0CC-4795-9A9D-DFDB659DD60E}
		{6F262958-BAAC-4364-ABCA-4E435CA65E9D} = {15394086-B0CC-4795-9A9D-DFDB659DD60E}
		{EADE5BA8-CC9B-4391-8F7C-D54B84D85ABD} = {659E5A67-6A20-44B9-B1A3-E61312961137}
	EndGlobalSection
	GlobalSection(ExtensibilityGlobals) = postSolution
		SolutionGuid = {845744CA-FD34-4BC3-991D-7DFA29F1CE39}
	EndGlobalSection
EndGlobal
