
Microsoft Visual Studio Solution File, Format Version 12.00
# Visual Studio 15
VisualStudioVersion = 15.0.28010.0
MinimumVisualStudioVersion = 10.0.40219.1
Project("{FAE04EC0-301F-11D3-BF4B-00C04F79EFBC}") = "R-173", "R-173\R-173.csproj", "{E15041B3-9989-4A4C-AF8C-0D52C661B8B9}"
EndProject
Project("{FAE04EC0-301F-11D3-BF4B-00C04F79EFBC}") = "AudioClientTest", "..\AudioClientTest\AudioClientTest.csproj", "{416708BB-AE92-4AAD-8A44-37B5B0A46A68}"
EndProject
Project("{2150E333-8FDC-42A3-9474-1A3956D46DE8}") = "InternalLab", "InternalLab", "{659E5A67-6A20-44B9-B1A3-E61312961137}"
EndProject
Project("{FAE04EC0-301F-11D3-BF4B-00C04F79EFBC}") = "AudioServerTest", "..\AudioServerTest\AudioServerTest.csproj", "{C68180A3-6BF2-42DC-A3A5-357D4710802A}"
EndProject
Project("{FAE04EC0-301F-11D3-BF4B-00C04F79EFBC}") = "CommonRadioTests", "..\CommonRadioTests\CommonRadioTests.csproj", "{CFABE7AC-D88D-4AC1-AE92-9B552611341C}"
EndProject
Project("{FAE04EC0-301F-11D3-BF4B-00C04F79EFBC}") = "ConsoleClientNetworkTest", "..\ConsoleClientNetworkTest\ConsoleClientNetworkTest.csproj", "{2A2D3798-CBD4-4991-A302-C08EE8E2EBF8}"
EndProject
Project("{FAE04EC0-301F-11D3-BF4B-00C04F79EFBC}") = "ConsoleServerNetworkTest", "..\ConsoleServerNetworkTest\ConsoleServerNetworkTest.csproj", "{FC02763E-591C-40BB-A729-BCB788DBCB67}"
EndProject
Project("{FAE04EC0-301F-11D3-BF4B-00C04F79EFBC}") = "P2PMulticastNetwork", "..\P2PMulticastNetwork\P2PMulticastNetwork.csproj", "{DC232498-6FB2-4562-B888-E32FEC97BBF5}"
EndProject
Project("{FAE04EC0-301F-11D3-BF4B-00C04F79EFBC}") = "RadioPipeline", "..\RadioPipeline\RadioPipeline.csproj", "{62BD5B17-25B1-4024-891C-5398644B6DFC}"
EndProject
Project("{2150E333-8FDC-42A3-9474-1A3956D46DE8}") = "Tests", "Tests", "{B55C830E-96D6-43B2-8CDD-042360FFCAC5}"
EndProject
Project("{2150E333-8FDC-42A3-9474-1A3956D46DE8}") = "Installer", "Installer", "{15394086-B0CC-4795-9A9D-DFDB659DD60E}"
EndProject
Project("{930C7802-8A8C-48F9-8165-68863BCCD9DD}") = "Installer", "..\Installer\Installer.wixproj", "{300E9AE5-1494-4B71-9FC0-5CEB4DC0DACE}"
	ProjectSection(ProjectDependencies) = postProject
		{E15041B3-9989-4A4C-AF8C-0D52C661B8B9} = {E15041B3-9989-4A4C-AF8C-0D52C661B8B9}
	EndProjectSection
EndProject
Project("{930C7802-8A8C-48F9-8165-68863BCCD9DD}") = "Bootstrapper", "..\Bootstrapper\Bootstrapper.wixproj", "{6F262958-BAAC-4364-ABCA-4E435CA65E9D}"
	ProjectSection(ProjectDependencies) = postProject
		{300E9AE5-1494-4B71-9FC0-5CEB4DC0DACE} = {300E9AE5-1494-4B71-9FC0-5CEB4DC0DACE}
	EndProjectSection
EndProject
Global
	GlobalSection(SolutionConfigurationPlatforms) = preSolution
		Debug|Any CPU = Debug|Any CPU
		Debug|x86 = Debug|x86
		Release|Any CPU = Release|Any CPU
		Release|x86 = Release|x86
	EndGlobalSection
	GlobalSection(ProjectConfigurationPlatforms) = postSolution
		{E15041B3-9989-4A4C-AF8C-0D52C661B8B9}.Debug|Any CPU.ActiveCfg = Debug|Any CPU
		{E15041B3-9989-4A4C-AF8C-0D52C661B8B9}.Debug|Any CPU.Build.0 = Debug|Any CPU
		{E15041B3-9989-4A4C-AF8C-0D52C661B8B9}.Debug|x86.ActiveCfg = Debug|x86
		{E15041B3-9989-4A4C-AF8C-0D52C661B8B9}.Debug|x86.Build.0 = Debug|x86
		{E15041B3-9989-4A4C-AF8C-0D52C661B8B9}.Release|Any CPU.ActiveCfg = Release|Any CPU
		{E15041B3-9989-4A4C-AF8C-0D52C661B8B9}.Release|Any CPU.Build.0 = Release|Any CPU
		{E15041B3-9989-4A4C-AF8C-0D52C661B8B9}.Release|x86.ActiveCfg = Release|x86
		{E15041B3-9989-4A4C-AF8C-0D52C661B8B9}.Release|x86.Build.0 = Release|x86
		{416708BB-AE92-4AAD-8A44-37B5B0A46A68}.Debug|Any CPU.ActiveCfg = Debug|Any CPU
		{416708BB-AE92-4AAD-8A44-37B5B0A46A68}.Debug|Any CPU.Build.0 = Debug|Any CPU
		{416708BB-AE92-4AAD-8A44-37B5B0A46A68}.Debug|x86.ActiveCfg = Debug|x86
		{416708BB-AE92-4AAD-8A44-37B5B0A46A68}.Debug|x86.Build.0 = Debug|x86
		{416708BB-AE92-4AAD-8A44-37B5B0A46A68}.Release|Any CPU.ActiveCfg = Release|Any CPU
		{416708BB-AE92-4AAD-8A44-37B5B0A46A68}.Release|Any CPU.Build.0 = Release|Any CPU
		{416708BB-AE92-4AAD-8A44-37B5B0A46A68}.Release|x86.ActiveCfg = Release|x86
		{416708BB-AE92-4AAD-8A44-37B5B0A46A68}.Release|x86.Build.0 = Release|x86
		{C68180A3-6BF2-42DC-A3A5-357D4710802A}.Debug|Any CPU.ActiveCfg = Debug|Any CPU
		{C68180A3-6BF2-42DC-A3A5-357D4710802A}.Debug|x86.ActiveCfg = Debug|x86
		{C68180A3-6BF2-42DC-A3A5-357D4710802A}.Release|Any CPU.ActiveCfg = Release|Any CPU
		{C68180A3-6BF2-42DC-A3A5-357D4710802A}.Release|Any CPU.Build.0 = Release|Any CPU
		{C68180A3-6BF2-42DC-A3A5-357D4710802A}.Release|x86.ActiveCfg = Release|x86
		{CFABE7AC-D88D-4AC1-AE92-9B552611341C}.Debug|Any CPU.ActiveCfg = Debug|Any CPU
		{CFABE7AC-D88D-4AC1-AE92-9B552611341C}.Debug|x86.ActiveCfg = Debug|x86
		{CFABE7AC-D88D-4AC1-AE92-9B552611341C}.Release|Any CPU.ActiveCfg = Release|Any CPU
		{CFABE7AC-D88D-4AC1-AE92-9B552611341C}.Release|Any CPU.Build.0 = Release|Any CPU
		{CFABE7AC-D88D-4AC1-AE92-9B552611341C}.Release|x86.ActiveCfg = Release|x86
		{2A2D3798-CBD4-4991-A302-C08EE8E2EBF8}.Debug|Any CPU.ActiveCfg = Debug|Any CPU
		{2A2D3798-CBD4-4991-A302-C08EE8E2EBF8}.Debug|x86.ActiveCfg = Debug|x86
		{2A2D3798-CBD4-4991-A302-C08EE8E2EBF8}.Release|Any CPU.ActiveCfg = Release|Any CPU
		{2A2D3798-CBD4-4991-A302-C08EE8E2EBF8}.Release|Any CPU.Build.0 = Release|Any CPU
		{2A2D3798-CBD4-4991-A302-C08EE8E2EBF8}.Release|x86.ActiveCfg = Release|x86
		{FC02763E-591C-40BB-A729-BCB788DBCB67}.Debug|Any CPU.ActiveCfg = Debug|Any CPU
		{FC02763E-591C-40BB-A729-BCB788DBCB67}.Debug|x86.ActiveCfg = Debug|x86
		{FC02763E-591C-40BB-A729-BCB788DBCB67}.Release|Any CPU.ActiveCfg = Release|Any CPU
		{FC02763E-591C-40BB-A729-BCB788DBCB67}.Release|Any CPU.Build.0 = Release|Any CPU
		{FC02763E-591C-40BB-A729-BCB788DBCB67}.Release|x86.ActiveCfg = Release|x86
		{DC232498-6FB2-4562-B888-E32FEC97BBF5}.Debug|Any CPU.ActiveCfg = Debug|Any CPU
		{DC232498-6FB2-4562-B888-E32FEC97BBF5}.Debug|Any CPU.Build.0 = Debug|Any CPU
		{DC232498-6FB2-4562-B888-E32FEC97BBF5}.Debug|x86.ActiveCfg = Debug|x86
		{DC232498-6FB2-4562-B888-E32FEC97BBF5}.Debug|x86.Build.0 = Debug|x86
		{DC232498-6FB2-4562-B888-E32FEC97BBF5}.Release|Any CPU.ActiveCfg = Release|Any CPU
		{DC232498-6FB2-4562-B888-E32FEC97BBF5}.Release|Any CPU.Build.0 = Release|Any CPU
		{DC232498-6FB2-4562-B888-E32FEC97BBF5}.Release|x86.ActiveCfg = Release|x86
		{DC232498-6FB2-4562-B888-E32FEC97BBF5}.Release|x86.Build.0 = Release|x86
		{62BD5B17-25B1-4024-891C-5398644B6DFC}.Debug|Any CPU.ActiveCfg = Debug|Any CPU
		{62BD5B17-25B1-4024-891C-5398644B6DFC}.Debug|Any CPU.Build.0 = Debug|Any CPU
		{62BD5B17-25B1-4024-891C-5398644B6DFC}.Debug|x86.ActiveCfg = Debug|x86
		{62BD5B17-25B1-4024-891C-5398644B6DFC}.Debug|x86.Build.0 = Debug|x86
		{62BD5B17-25B1-4024-891C-5398644B6DFC}.Release|Any CPU.ActiveCfg = Release|Any CPU
		{62BD5B17-25B1-4024-891C-5398644B6DFC}.Release|Any CPU.Build.0 = Release|Any CPU
		{62BD5B17-25B1-4024-891C-5398644B6DFC}.Release|x86.ActiveCfg = Release|x86
		{62BD5B17-25B1-4024-891C-5398644B6DFC}.Release|x86.Build.0 = Release|x86
		{300E9AE5-1494-4B71-9FC0-5CEB4DC0DACE}.Debug|Any CPU.ActiveCfg = Debug|x86
		{300E9AE5-1494-4B71-9FC0-5CEB4DC0DACE}.Debug|x86.ActiveCfg = Debug|x86
		{300E9AE5-1494-4B71-9FC0-5CEB4DC0DACE}.Debug|x86.Build.0 = Debug|x86
		{300E9AE5-1494-4B71-9FC0-5CEB4DC0DACE}.Release|Any CPU.ActiveCfg = Release|x86
		{300E9AE5-1494-4B71-9FC0-5CEB4DC0DACE}.Release|x86.ActiveCfg = Release|x86
		{300E9AE5-1494-4B71-9FC0-5CEB4DC0DACE}.Release|x86.Build.0 = Release|x86
		{6F262958-BAAC-4364-ABCA-4E435CA65E9D}.Debug|Any CPU.ActiveCfg = Debug|x86
		{6F262958-BAAC-4364-ABCA-4E435CA65E9D}.Debug|x86.ActiveCfg = Debug|x86
		{6F262958-BAAC-4364-ABCA-4E435CA65E9D}.Debug|x86.Build.0 = Debug|x86
		{6F262958-BAAC-4364-ABCA-4E435CA65E9D}.Release|Any CPU.ActiveCfg = Release|x86
		{6F262958-BAAC-4364-ABCA-4E435CA65E9D}.Release|x86.ActiveCfg = Release|x86
		{6F262958-BAAC-4364-ABCA-4E435CA65E9D}.Release|x86.Build.0 = Release|x86
	EndGlobalSection
	GlobalSection(SolutionProperties) = preSolution
		HideSolutionNode = FALSE
	EndGlobalSection
	GlobalSection(NestedProjects) = preSolution
		{416708BB-AE92-4AAD-8A44-37B5B0A46A68} = {B55C830E-96D6-43B2-8CDD-042360FFCAC5}
		{C68180A3-6BF2-42DC-A3A5-357D4710802A} = {B55C830E-96D6-43B2-8CDD-042360FFCAC5}
		{CFABE7AC-D88D-4AC1-AE92-9B552611341C} = {B55C830E-96D6-43B2-8CDD-042360FFCAC5}
		{2A2D3798-CBD4-4991-A302-C08EE8E2EBF8} = {B55C830E-96D6-43B2-8CDD-042360FFCAC5}
		{FC02763E-591C-40BB-A729-BCB788DBCB67} = {B55C830E-96D6-43B2-8CDD-042360FFCAC5}
		{DC232498-6FB2-4562-B888-E32FEC97BBF5} = {659E5A67-6A20-44B9-B1A3-E61312961137}
		{62BD5B17-25B1-4024-891C-5398644B6DFC} = {659E5A67-6A20-44B9-B1A3-E61312961137}
		{B55C830E-96D6-43B2-8CDD-042360FFCAC5} = {659E5A67-6A20-44B9-B1A3-E61312961137}
		{300E9AE5-1494-4B71-9FC0-5CEB4DC0DACE} = {15394086-B0CC-4795-9A9D-DFDB659DD60E}
		{6F262958-BAAC-4364-ABCA-4E435CA65E9D} = {15394086-B0CC-4795-9A9D-DFDB659DD60E}
	EndGlobalSection
	GlobalSection(ExtensibilityGlobals) = postSolution
		SolutionGuid = {845744CA-FD34-4BC3-991D-7DFA29F1CE39}
	EndGlobalSection
EndGlobal
